// !$*UTF8*$!
{
	archiveVersion = 1;
	classes = {
	};
	objectVersion = 56;
	objects = {

/* Begin PBXBuildFile section */
		059C34002BDDB1E100F1AFCE /* FluifyApp.swift in Sources */ = {isa = PBXBuildFile; fileRef = 059C33FF2BDDB1E100F1AFCE /* FluifyApp.swift */; };
		059C34022BDDB1E100F1AFCE /* ContentView.swift in Sources */ = {isa = PBXBuildFile; fileRef = 059C34012BDDB1E100F1AFCE /* ContentView.swift */; };
		059C34042BDDB1E100F1AFCE /* Assets.xcassets in Resources */ = {isa = PBXBuildFile; fileRef = 059C34032BDDB1E100F1AFCE /* Assets.xcassets */; };
		059C34072BDDB1E100F1AFCE /* Preview Assets.xcassets in Resources */ = {isa = PBXBuildFile; fileRef = 059C34062BDDB1E100F1AFCE /* Preview Assets.xcassets */; };
		059C340E2BDDB43C00F1AFCE /* Renderer.swift in Sources */ = {isa = PBXBuildFile; fileRef = 059C340D2BDDB43C00F1AFCE /* Renderer.swift */; };
		059C34142BDDCA4200F1AFCE /* Shaders.metal in Sources */ = {isa = PBXBuildFile; fileRef = 059C34132BDDCA4200F1AFCE /* Shaders.metal */; };
		059C34162BDF0DC800F1AFCE /* Compute.swift in Sources */ = {isa = PBXBuildFile; fileRef = 059C34152BDF0DC800F1AFCE /* Compute.swift */; };
		059C34182BDF104E00F1AFCE /* FluidRenderer.swift in Sources */ = {isa = PBXBuildFile; fileRef = 059C34172BDF104E00F1AFCE /* FluidRenderer.swift */; };
		059C341A2BDF286F00F1AFCE /* PencilInteractionHandler.swift in Sources */ = {isa = PBXBuildFile; fileRef = 059C34192BDF286F00F1AFCE /* PencilInteractionHandler.swift */; };
		059C341C2BDF2DDB00F1AFCE /* TextureUtils.swift in Sources */ = {isa = PBXBuildFile; fileRef = 059C341B2BDF2DDB00F1AFCE /* TextureUtils.swift */; };
/* End PBXBuildFile section */

/* Begin PBXFileReference section */
		059C33FC2BDDB1E000F1AFCE /* Fluify.app */ = {isa = PBXFileReference; explicitFileType = wrapper.application; includeInIndex = 0; path = Fluify.app; sourceTree = BUILT_PRODUCTS_DIR; };
		059C33FF2BDDB1E100F1AFCE /* FluifyApp.swift */ = {isa = PBXFileReference; lastKnownFileType = sourcecode.swift; path = FluifyApp.swift; sourceTree = "<group>"; };
		059C34012BDDB1E100F1AFCE /* ContentView.swift */ = {isa = PBXFileReference; lastKnownFileType = sourcecode.swift; path = ContentView.swift; sourceTree = "<group>"; };
		059C34032BDDB1E100F1AFCE /* Assets.xcassets */ = {isa = PBXFileReference; lastKnownFileType = folder.assetcatalog; path = Assets.xcassets; sourceTree = "<group>"; };
		059C34062BDDB1E100F1AFCE /* Preview Assets.xcassets */ = {isa = PBXFileReference; lastKnownFileType = folder.assetcatalog; path = "Preview Assets.xcassets"; sourceTree = "<group>"; };
		059C340D2BDDB43C00F1AFCE /* Renderer.swift */ = {isa = PBXFileReference; lastKnownFileType = sourcecode.swift; path = Renderer.swift; sourceTree = "<group>"; };
		059C340F2BDDBE8500F1AFCE /* Fluify-Bridging-Header.h */ = {isa = PBXFileReference; lastKnownFileType = sourcecode.c.h; path = "Fluify-Bridging-Header.h"; sourceTree = "<group>"; };
		059C34132BDDCA4200F1AFCE /* Shaders.metal */ = {isa = PBXFileReference; lastKnownFileType = sourcecode.metal; path = Shaders.metal; sourceTree = "<group>"; };
		059C34152BDF0DC800F1AFCE /* Compute.swift */ = {isa = PBXFileReference; lastKnownFileType = sourcecode.swift; path = Compute.swift; sourceTree = "<group>"; };
		059C34172BDF104E00F1AFCE /* FluidRenderer.swift */ = {isa = PBXFileReference; lastKnownFileType = sourcecode.swift; path = FluidRenderer.swift; sourceTree = "<group>"; };
		059C34192BDF286F00F1AFCE /* PencilInteractionHandler.swift */ = {isa = PBXFileReference; lastKnownFileType = sourcecode.swift; path = PencilInteractionHandler.swift; sourceTree = "<group>"; };
		059C341B2BDF2DDB00F1AFCE /* TextureUtils.swift */ = {isa = PBXFileReference; lastKnownFileType = sourcecode.swift; path = TextureUtils.swift; sourceTree = "<group>"; };
/* End PBXFileReference section */

/* Begin PBXFrameworksBuildPhase section */
		059C33F92BDDB1E000F1AFCE /* Frameworks */ = {
			isa = PBXFrameworksBuildPhase;
			buildActionMask = 2147483647;
			files = (
			);
			runOnlyForDeploymentPostprocessing = 0;
		};
/* End PBXFrameworksBuildPhase section */

/* Begin PBXGroup section */
		059C33F32BDDB1E000F1AFCE = {
			isa = PBXGroup;
			children = (
				059C34172BDF104E00F1AFCE /* FluidRenderer.swift */,
				059C33FE2BDDB1E000F1AFCE /* Fluify */,
				059C33FD2BDDB1E000F1AFCE /* Products */,
			);
			sourceTree = "<group>";
		};
		059C33FD2BDDB1E000F1AFCE /* Products */ = {
			isa = PBXGroup;
			children = (
				059C33FC2BDDB1E000F1AFCE /* Fluify.app */,
			);
			name = Products;
			sourceTree = "<group>";
		};
		059C33FE2BDDB1E000F1AFCE /* Fluify */ = {
			isa = PBXGroup;
			children = (
				059C33FF2BDDB1E100F1AFCE /* FluifyApp.swift */,
				059C34012BDDB1E100F1AFCE /* ContentView.swift */,
				059C34032BDDB1E100F1AFCE /* Assets.xcassets */,
				059C34052BDDB1E100F1AFCE /* Preview Content */,
				059C340D2BDDB43C00F1AFCE /* Renderer.swift */,
				059C340F2BDDBE8500F1AFCE /* Fluify-Bridging-Header.h */,
				059C34132BDDCA4200F1AFCE /* Shaders.metal */,
				059C34152BDF0DC800F1AFCE /* Compute.swift */,
				059C34192BDF286F00F1AFCE /* PencilInteractionHandler.swift */,
				059C341B2BDF2DDB00F1AFCE /* TextureUtils.swift */,
			);
			path = Fluify;
			sourceTree = "<group>";
		};
		059C34052BDDB1E100F1AFCE /* Preview Content */ = {
			isa = PBXGroup;
			children = (
				059C34062BDDB1E100F1AFCE /* Preview Assets.xcassets */,
			);
			path = "Preview Content";
			sourceTree = "<group>";
		};
/* End PBXGroup section */

/* Begin PBXNativeTarget section */
		059C33FB2BDDB1E000F1AFCE /* Fluify */ = {
			isa = PBXNativeTarget;
			buildConfigurationList = 059C340A2BDDB1E100F1AFCE /* Build configuration list for PBXNativeTarget "Fluify" */;
			buildPhases = (
				059C33F82BDDB1E000F1AFCE /* Sources */,
				059C33F92BDDB1E000F1AFCE /* Frameworks */,
				059C33FA2BDDB1E000F1AFCE /* Resources */,
			);
			buildRules = (
			);
			dependencies = (
			);
			name = Fluify;
			productName = Fluify;
			productReference = 059C33FC2BDDB1E000F1AFCE /* Fluify.app */;
			productType = "com.apple.product-type.application";
		};
/* End PBXNativeTarget section */

/* Begin PBXProject section */
		059C33F42BDDB1E000F1AFCE /* Project object */ = {
			isa = PBXProject;
			attributes = {
				BuildIndependentTargetsInParallel = 1;
				LastSwiftUpdateCheck = 1500;
				LastUpgradeCheck = 1500;
				TargetAttributes = {
					059C33FB2BDDB1E000F1AFCE = {
						CreatedOnToolsVersion = 15.0.1;
						LastSwiftMigration = 1500;
					};
				};
			};
			buildConfigurationList = 059C33F72BDDB1E000F1AFCE /* Build configuration list for PBXProject "Fluify" */;
			compatibilityVersion = "Xcode 14.0";
			developmentRegion = en;
			hasScannedForEncodings = 0;
			knownRegions = (
				en,
				Base,
			);
			mainGroup = 059C33F32BDDB1E000F1AFCE;
			productRefGroup = 059C33FD2BDDB1E000F1AFCE /* Products */;
			projectDirPath = "";
			projectRoot = "";
			targets = (
				059C33FB2BDDB1E000F1AFCE /* Fluify */,
			);
		};
/* End PBXProject section */

/* Begin PBXResourcesBuildPhase section */
		059C33FA2BDDB1E000F1AFCE /* Resources */ = {
			isa = PBXResourcesBuildPhase;
			buildActionMask = 2147483647;
			files = (
				059C34072BDDB1E100F1AFCE /* Preview Assets.xcassets in Resources */,
				059C34042BDDB1E100F1AFCE /* Assets.xcassets in Resources */,
			);
			runOnlyForDeploymentPostprocessing = 0;
		};
/* End PBXResourcesBuildPhase section */

/* Begin PBXSourcesBuildPhase section */
		059C33F82BDDB1E000F1AFCE /* Sources */ = {
			isa = PBXSourcesBuildPhase;
			buildActionMask = 2147483647;
			files = (
				059C34022BDDB1E100F1AFCE /* ContentView.swift in Sources */,
				059C340E2BDDB43C00F1AFCE /* Renderer.swift in Sources */,
				059C34142BDDCA4200F1AFCE /* Shaders.metal in Sources */,
				059C34182BDF104E00F1AFCE /* FluidRenderer.swift in Sources */,
				059C34002BDDB1E100F1AFCE /* FluifyApp.swift in Sources */,
				059C34162BDF0DC800F1AFCE /* Compute.swift in Sources */,
				059C341A2BDF286F00F1AFCE /* PencilInteractionHandler.swift in Sources */,
				059C341C2BDF2DDB00F1AFCE /* TextureUtils.swift in Sources */,
			);
			runOnlyForDeploymentPostprocessing = 0;
		};
/* End PBXSourcesBuildPhase section */

/* Begin XCBuildConfiguration section */
		059C34082BDDB1E100F1AFCE /* Debug */ = {
			isa = XCBuildConfiguration;
			buildSettings = {
				ALWAYS_SEARCH_USER_PATHS = NO;
				ASSETCATALOG_COMPILER_GENERATE_SWIFT_ASSET_SYMBOL_EXTENSIONS = YES;
				CLANG_ANALYZER_NONNULL = YES;
				CLANG_ANALYZER_NUMBER_OBJECT_CONVERSION = YES_AGGRESSIVE;
				CLANG_CXX_LANGUAGE_STANDARD = "gnu++20";
				CLANG_ENABLE_MODULES = YES;
				CLANG_ENABLE_OBJC_ARC = YES;
				CLANG_ENABLE_OBJC_WEAK = YES;
				CLANG_WARN_BLOCK_CAPTURE_AUTORELEASING = YES;
				CLANG_WARN_BOOL_CONVERSION = YES;
				CLANG_WARN_COMMA = YES;
				CLANG_WARN_CONSTANT_CONVERSION = YES;
				CLANG_WARN_DEPRECATED_OBJC_IMPLEMENTATIONS = YES;
				CLANG_WARN_DIRECT_OBJC_ISA_USAGE = YES_ERROR;
				CLANG_WARN_DOCUMENTATION_COMMENTS = YES;
				CLANG_WARN_EMPTY_BODY = YES;
				CLANG_WARN_ENUM_CONVERSION = YES;
				CLANG_WARN_INFINITE_RECURSION = YES;
				CLANG_WARN_INT_CONVERSION = YES;
				CLANG_WARN_NON_LITERAL_NULL_CONVERSION = YES;
				CLANG_WARN_OBJC_IMPLICIT_RETAIN_SELF = YES;
				CLANG_WARN_OBJC_LITERAL_CONVERSION = YES;
				CLANG_WARN_OBJC_ROOT_CLASS = YES_ERROR;
				CLANG_WARN_QUOTED_INCLUDE_IN_FRAMEWORK_HEADER = YES;
				CLANG_WARN_RANGE_LOOP_ANALYSIS = YES;
				CLANG_WARN_STRICT_PROTOTYPES = YES;
				CLANG_WARN_SUSPICIOUS_MOVE = YES;
				CLANG_WARN_UNGUARDED_AVAILABILITY = YES_AGGRESSIVE;
				CLANG_WARN_UNREACHABLE_CODE = YES;
				CLANG_WARN__DUPLICATE_METHOD_MATCH = YES;
				COPY_PHASE_STRIP = NO;
				DEBUG_INFORMATION_FORMAT = dwarf;
				ENABLE_STRICT_OBJC_MSGSEND = YES;
				ENABLE_TESTABILITY = YES;
				ENABLE_USER_SCRIPT_SANDBOXING = YES;
				GCC_C_LANGUAGE_STANDARD = gnu17;
				GCC_DYNAMIC_NO_PIC = NO;
				GCC_NO_COMMON_BLOCKS = YES;
				GCC_OPTIMIZATION_LEVEL = 0;
				GCC_PREPROCESSOR_DEFINITIONS = (
					"DEBUG=1",
					"$(inherited)",
				);
				GCC_WARN_64_TO_32_BIT_CONVERSION = YES;
				GCC_WARN_ABOUT_RETURN_TYPE = YES_ERROR;
				GCC_WARN_UNDECLARED_SELECTOR = YES;
				GCC_WARN_UNINITIALIZED_AUTOS = YES_AGGRESSIVE;
				GCC_WARN_UNUSED_FUNCTION = YES;
				GCC_WARN_UNUSED_VARIABLE = YES;
				IPHONEOS_DEPLOYMENT_TARGET = 17.0;
				LOCALIZATION_PREFERS_STRING_CATALOGS = YES;
				MTL_ENABLE_DEBUG_INFO = INCLUDE_SOURCE;
				MTL_FAST_MATH = YES;
				ONLY_ACTIVE_ARCH = YES;
				SDKROOT = iphoneos;
				SWIFT_ACTIVE_COMPILATION_CONDITIONS = "DEBUG $(inherited)";
				SWIFT_OPTIMIZATION_LEVEL = "-Onone";
			};
			name = Debug;
		};
		059C34092BDDB1E100F1AFCE /* Release */ = {
			isa = XCBuildConfiguration;
			buildSettings = {
				ALWAYS_SEARCH_USER_PATHS = NO;
				ASSETCATALOG_COMPILER_GENERATE_SWIFT_ASSET_SYMBOL_EXTENSIONS = YES;
				CLANG_ANALYZER_NONNULL = YES;
				CLANG_ANALYZER_NUMBER_OBJECT_CONVERSION = YES_AGGRESSIVE;
				CLANG_CXX_LANGUAGE_STANDARD = "gnu++20";
				CLANG_ENABLE_MODULES = YES;
				CLANG_ENABLE_OBJC_ARC = YES;
				CLANG_ENABLE_OBJC_WEAK = YES;
				CLANG_WARN_BLOCK_CAPTURE_AUTORELEASING = YES;
				CLANG_WARN_BOOL_CONVERSION = YES;
				CLANG_WARN_COMMA = YES;
				CLANG_WARN_CONSTANT_CONVERSION = YES;
				CLANG_WARN_DEPRECATED_OBJC_IMPLEMENTATIONS = YES;
				CLANG_WARN_DIRECT_OBJC_ISA_USAGE = YES_ERROR;
				CLANG_WARN_DOCUMENTATION_COMMENTS = YES;
				CLANG_WARN_EMPTY_BODY = YES;
				CLANG_WARN_ENUM_CONVERSION = YES;
				CLANG_WARN_INFINITE_RECURSION = YES;
				CLANG_WARN_INT_CONVERSION = YES;
				CLANG_WARN_NON_LITERAL_NULL_CONVERSION = YES;
				CLANG_WARN_OBJC_IMPLICIT_RETAIN_SELF = YES;
				CLANG_WARN_OBJC_LITERAL_CONVERSION = YES;
				CLANG_WARN_OBJC_ROOT_CLASS = YES_ERROR;
				CLANG_WARN_QUOTED_INCLUDE_IN_FRAMEWORK_HEADER = YES;
				CLANG_WARN_RANGE_LOOP_ANALYSIS = YES;
				CLANG_WARN_STRICT_PROTOTYPES = YES;
				CLANG_WARN_SUSPICIOUS_MOVE = YES;
				CLANG_WARN_UNGUARDED_AVAILABILITY = YES_AGGRESSIVE;
				CLANG_WARN_UNREACHABLE_CODE = YES;
				CLANG_WARN__DUPLICATE_METHOD_MATCH = YES;
				COPY_PHASE_STRIP = NO;
				DEBUG_INFORMATION_FORMAT = "dwarf-with-dsym";
				ENABLE_NS_ASSERTIONS = NO;
				ENABLE_STRICT_OBJC_MSGSEND = YES;
				ENABLE_USER_SCRIPT_SANDBOXING = YES;
				GCC_C_LANGUAGE_STANDARD = gnu17;
				GCC_NO_COMMON_BLOCKS = YES;
				GCC_WARN_64_TO_32_BIT_CONVERSION = YES;
				GCC_WARN_ABOUT_RETURN_TYPE = YES_ERROR;
				GCC_WARN_UNDECLARED_SELECTOR = YES;
				GCC_WARN_UNINITIALIZED_AUTOS = YES_AGGRESSIVE;
				GCC_WARN_UNUSED_FUNCTION = YES;
				GCC_WARN_UNUSED_VARIABLE = YES;
				IPHONEOS_DEPLOYMENT_TARGET = 17.0;
				LOCALIZATION_PREFERS_STRING_CATALOGS = YES;
				MTL_ENABLE_DEBUG_INFO = NO;
				MTL_FAST_MATH = YES;
				SDKROOT = iphoneos;
				SWIFT_COMPILATION_MODE = wholemodule;
				VALIDATE_PRODUCT = YES;
			};
			name = Release;
		};
		059C340B2BDDB1E100F1AFCE /* Debug */ = {
			isa = XCBuildConfiguration;
			buildSettings = {
				ASSETCATALOG_COMPILER_APPICON_NAME = AppIcon;
				ASSETCATALOG_COMPILER_GLOBAL_ACCENT_COLOR_NAME = AccentColor;
				CLANG_ENABLE_MODULES = YES;
				CODE_SIGN_STYLE = Automatic;
				CURRENT_PROJECT_VERSION = 1;
				DEVELOPMENT_ASSET_PATHS = "\"Fluify/Preview Content\"";
				DEVELOPMENT_TEAM = 3JT9M6F4MZ;
				ENABLE_PREVIEWS = YES;
				GENERATE_INFOPLIST_FILE = YES;
				INFOPLIST_KEY_UIApplicationSceneManifest_Generation = YES;
				INFOPLIST_KEY_UIApplicationSupportsIndirectInputEvents = YES;
				INFOPLIST_KEY_UILaunchScreen_Generation = YES;
				INFOPLIST_KEY_UISupportedInterfaceOrientations_iPad = "UIInterfaceOrientationPortrait UIInterfaceOrientationPortraitUpsideDown UIInterfaceOrientationLandscapeLeft UIInterfaceOrientationLandscapeRight";
				INFOPLIST_KEY_UISupportedInterfaceOrientations_iPhone = "UIInterfaceOrientationPortrait UIInterfaceOrientationLandscapeLeft UIInterfaceOrientationLandscapeRight";
				LD_RUNPATH_SEARCH_PATHS = (
					"$(inherited)",
					"@executable_path/Frameworks",
				);
				MARKETING_VERSION = 1.0;
				PRODUCT_BUNDLE_IDENTIFIER = ajayvenkat.Fluify;
				PRODUCT_NAME = "$(TARGET_NAME)";
				SWIFT_EMIT_LOC_STRINGS = YES;
				SWIFT_OBJC_BRIDGING_HEADER = "Fluify/Fluify-Bridging-Header.h";
				SWIFT_OPTIMIZATION_LEVEL = "-Onone";
				SWIFT_VERSION = 5.0;
				TARGETED_DEVICE_FAMILY = "1,2";
			};
			name = Debug;
		};
		059C340C2BDDB1E100F1AFCE /* Release */ = {
			isa = XCBuildConfiguration;
			buildSettings = {
				ASSETCATALOG_COMPILER_APPICON_NAME = AppIcon;
				ASSETCATALOG_COMPILER_GLOBAL_ACCENT_COLOR_NAME = AccentColor;
				CLANG_ENABLE_MODULES = YES;
				CODE_SIGN_STYLE = Automatic;
				CURRENT_PROJECT_VERSION = 1;
				DEVELOPMENT_ASSET_PATHS = "\"Fluify/Preview Content\"";
				DEVELOPMENT_TEAM = 3JT9M6F4MZ;
				ENABLE_PREVIEWS = YES;
				GENERATE_INFOPLIST_FILE = YES;
				INFOPLIST_KEY_UIApplicationSceneManifest_Generation = YES;
				INFOPLIST_KEY_UIApplicationSupportsIndirectInputEvents = YES;
				INFOPLIST_KEY_UILaunchScreen_Generation = YES;
				INFOPLIST_KEY_UISupportedInterfaceOrientations_iPad = "UIInterfaceOrientationPortrait UIInterfaceOrientationPortraitUpsideDown UIInterfaceOrientationLandscapeLeft UIInterfaceOrientationLandscapeRight";
				INFOPLIST_KEY_UISupportedInterfaceOrientations_iPhone = "UIInterfaceOrientationPortrait UIInterfaceOrientationLandscapeLeft UIInterfaceOrientationLandscapeRight";
				LD_RUNPATH_SEARCH_PATHS = (
					"$(inherited)",
					"@executable_path/Frameworks",
				);
				MARKETING_VERSION = 1.0;
				PRODUCT_BUNDLE_IDENTIFIER = ajayvenkat.Fluify;
				PRODUCT_NAME = "$(TARGET_NAME)";
				SWIFT_EMIT_LOC_STRINGS = YES;
				SWIFT_OBJC_BRIDGING_HEADER = "Fluify/Fluify-Bridging-Header.h";
				SWIFT_VERSION = 5.0;
				TARGETED_DEVICE_FAMILY = "1,2";
			};
			name = Release;
		};
/* End XCBuildConfiguration section */

/* Begin XCConfigurationList section */
		059C33F72BDDB1E000F1AFCE /* Build configuration list for PBXProject "Fluify" */ = {
			isa = XCConfigurationList;
			buildConfigurations = (
				059C34082BDDB1E100F1AFCE /* Debug */,
				059C34092BDDB1E100F1AFCE /* Release */,
			);
			defaultConfigurationIsVisible = 0;
			defaultConfigurationName = Release;
		};
		059C340A2BDDB1E100F1AFCE /* Build configuration list for PBXNativeTarget "Fluify" */ = {
			isa = XCConfigurationList;
			buildConfigurations = (
				059C340B2BDDB1E100F1AFCE /* Debug */,
				059C340C2BDDB1E100F1AFCE /* Release */,
			);
			defaultConfigurationIsVisible = 0;
			defaultConfigurationName = Release;
		};
/* End XCConfigurationList section */
	};
	rootObject = 059C33F42BDDB1E000F1AFCE /* Project object */;
}
